
Microsoft Visual Studio Solution File, Format Version 12.00
# Visual Studio 15
VisualStudioVersion = 15.0.28307.136
MinimumVisualStudioVersion = 10.0.40219.1
Project("{FAE04EC0-301F-11D3-BF4B-00C04F79EFBC}") = "LINQ Problem Solving Problems", "LINQ Problem Solving Problems\LINQ Problem Solving Problems.csproj", "{0219B163-8243-4202-8D5E-0DE1EA0EF027}"
EndProject
Global
	GlobalSection(SolutionConfigurationPlatforms) = preSolution
		Debug|Any CPU = Debug|Any CPU
		Release|Any CPU = Release|Any CPU
	EndGlobalSection
	GlobalSection(ProjectConfigurationPlatforms) = postSolution
		{0219B163-8243-4202-8D5E-0DE1EA0EF027}.Debug|Any CPU.ActiveCfg = Debug|Any CPU
		{0219B163-8243-4202-8D5E-0DE1EA0EF027}.Debug|Any CPU.Build.0 = Debug|Any CPU
		{0219B163-8243-4202-8D5E-0DE1EA0EF027}.Release|Any CPU.ActiveCfg = Release|Any CPU
		{0219B163-8243-4202-8D5E-0DE1EA0EF027}.Release|Any CPU.Build.0 = Release|Any CPU
	EndGlobalSection
	GlobalSection(SolutionProperties) = preSolution
		HideSolutionNode = FALSE
	EndGlobalSection
	GlobalSection(ExtensibilityGlobals) = postSolution
		SolutionGuid = {DDC9690A-6A21-4E75-BF04-77BFB98E799E}
	EndGlobalSection
EndGlobal
